
Microsoft Visual Studio Solution File, Format Version 12.00
# Visual Studio 15
VisualStudioVersion = 15.0.28010.2036
MinimumVisualStudioVersion = 10.0.40219.1
Project("{DA7A21FA-8162-4350-AD77-A8D1B671F3ED}") = "RDataIO", "RDataIO\RDataIO.rxproj", "{8652B4DB-A10E-46CE-BCDC-BAC4F1D14995}"
EndProject
Global
	GlobalSection(SolutionConfigurationPlatforms) = preSolution
		Debug|Any CPU = Debug|Any CPU
		Release|Any CPU = Release|Any CPU
	EndGlobalSection
	GlobalSection(ProjectConfigurationPlatforms) = postSolution
		{8652B4DB-A10E-46CE-BCDC-BAC4F1D14995}.Debug|Any CPU.ActiveCfg = Debug|Any CPU
		{8652B4DB-A10E-46CE-BCDC-BAC4F1D14995}.Debug|Any CPU.Build.0 = Debug|Any CPU
		{8652B4DB-A10E-46CE-BCDC-BAC4F1D14995}.Release|Any CPU.ActiveCfg = Release|Any CPU
		{8652B4DB-A10E-46CE-BCDC-BAC4F1D14995}.Release|Any CPU.Build.0 = Release|Any CPU
	EndGlobalSection
	GlobalSection(SolutionProperties) = preSolution
		HideSolutionNode = FALSE
	EndGlobalSection
	GlobalSection(ExtensibilityGlobals) = postSolution
		SolutionGuid = {BA362AC7-703B-4E30-BB9B-1A265B96AB8E}
	EndGlobalSection
EndGlobal
